
Microsoft Visual Studio Solution File, Format Version 12.00
# Visual Studio Version 16
VisualStudioVersion = 16.0.29806.167
MinimumVisualStudioVersion = 15.0.26124.0
Project("{2150E333-8FDC-42A3-9474-1A3956D46DE8}") = "src", "src", "{4A0234DD-6FB2-4874-AB2E-51E6B6812E6B}"
EndProject
Project("{9A19103F-16F7-4668-BE54-9A1E7A4F7556}") = "Liminality", "src\Liminality\Liminality.csproj", "{1A48C85D-3AB9-4ED7-8593-0DCF8681CF31}"
EndProject
Project("{2150E333-8FDC-42A3-9474-1A3956D46DE8}") = "test", "test", "{8DD9418F-77D3-49F0-B9AF-1246A172C150}"
EndProject
Project("{9A19103F-16F7-4668-BE54-9A1E7A4F7556}") = "Liminality.Tests", "test\Liminality.Tests\Liminality.Tests.csproj", "{F5764FD1-C398-44CC-A0EF-29B90C8240B2}"
EndProject
Project("{2150E333-8FDC-42A3-9474-1A3956D46DE8}") = "Solution Items", "Solution Items", "{C59FF830-CF29-4409-BFD4-E79CAB6D24FC}"
	ProjectSection(SolutionItems) = preProject
		.editorconfig = .editorconfig
	EndProjectSection
EndProject
Project("{FAE04EC0-301F-11D3-BF4B-00C04F79EFBC}") = "Liminality.Extensions.DependencyInjection", "src\Liminality.Extensions.DependencyInjection\Liminality.Extensions.DependencyInjection.csproj", "{BDF2E735-34CB-4060-84FE-D47837B01215}"
EndProject
Project("{FAE04EC0-301F-11D3-BF4B-00C04F79EFBC}") = "AspNetCoreExample", "examples\AspNetCoreExample\AspNetCoreExample.csproj", "{880F84CE-C436-49FB-BC1A-55E68DD5CBCF}"
EndProject
Global
	GlobalSection(SolutionConfigurationPlatforms) = preSolution
		Debug|Any CPU = Debug|Any CPU
		Debug|x64 = Debug|x64
		Debug|x86 = Debug|x86
		Release|Any CPU = Release|Any CPU
		Release|x64 = Release|x64
		Release|x86 = Release|x86
	EndGlobalSection
	GlobalSection(ProjectConfigurationPlatforms) = postSolution
		{1A48C85D-3AB9-4ED7-8593-0DCF8681CF31}.Debug|Any CPU.ActiveCfg = Debug|Any CPU
		{1A48C85D-3AB9-4ED7-8593-0DCF8681CF31}.Debug|Any CPU.Build.0 = Debug|Any CPU
		{1A48C85D-3AB9-4ED7-8593-0DCF8681CF31}.Debug|x64.ActiveCfg = Debug|Any CPU
		{1A48C85D-3AB9-4ED7-8593-0DCF8681CF31}.Debug|x64.Build.0 = Debug|Any CPU
		{1A48C85D-3AB9-4ED7-8593-0DCF8681CF31}.Debug|x86.ActiveCfg = Debug|Any CPU
		{1A48C85D-3AB9-4ED7-8593-0DCF8681CF31}.Debug|x86.Build.0 = Debug|Any CPU
		{1A48C85D-3AB9-4ED7-8593-0DCF8681CF31}.Release|Any CPU.ActiveCfg = Release|Any CPU
		{1A48C85D-3AB9-4ED7-8593-0DCF8681CF31}.Release|Any CPU.Build.0 = Release|Any CPU
		{1A48C85D-3AB9-4ED7-8593-0DCF8681CF31}.Release|x64.ActiveCfg = Release|Any CPU
		{1A48C85D-3AB9-4ED7-8593-0DCF8681CF31}.Release|x64.Build.0 = Release|Any CPU
		{1A48C85D-3AB9-4ED7-8593-0DCF8681CF31}.Release|x86.ActiveCfg = Release|Any CPU
		{1A48C85D-3AB9-4ED7-8593-0DCF8681CF31}.Release|x86.Build.0 = Release|Any CPU
		{F5764FD1-C398-44CC-A0EF-29B90C8240B2}.Debug|Any CPU.ActiveCfg = Debug|Any CPU
		{F5764FD1-C398-44CC-A0EF-29B90C8240B2}.Debug|Any CPU.Build.0 = Debug|Any CPU
		{F5764FD1-C398-44CC-A0EF-29B90C8240B2}.Debug|x64.ActiveCfg = Debug|Any CPU
		{F5764FD1-C398-44CC-A0EF-29B90C8240B2}.Debug|x64.Build.0 = Debug|Any CPU
		{F5764FD1-C398-44CC-A0EF-29B90C8240B2}.Debug|x86.ActiveCfg = Debug|Any CPU
		{F5764FD1-C398-44CC-A0EF-29B90C8240B2}.Debug|x86.Build.0 = Debug|Any CPU
		{F5764FD1-C398-44CC-A0EF-29B90C8240B2}.Release|Any CPU.ActiveCfg = Release|Any CPU
		{F5764FD1-C398-44CC-A0EF-29B90C8240B2}.Release|Any CPU.Build.0 = Release|Any CPU
		{F5764FD1-C398-44CC-A0EF-29B90C8240B2}.Release|x64.ActiveCfg = Release|Any CPU
		{F5764FD1-C398-44CC-A0EF-29B90C8240B2}.Release|x64.Build.0 = Release|Any CPU
		{F5764FD1-C398-44CC-A0EF-29B90C8240B2}.Release|x86.ActiveCfg = Release|Any CPU
		{F5764FD1-C398-44CC-A0EF-29B90C8240B2}.Release|x86.Build.0 = Release|Any CPU
		{BDF2E735-34CB-4060-84FE-D47837B01215}.Debug|Any CPU.ActiveCfg = Debug|Any CPU
		{BDF2E735-34CB-4060-84FE-D47837B01215}.Debug|Any CPU.Build.0 = Debug|Any CPU
		{BDF2E735-34CB-4060-84FE-D47837B01215}.Debug|x64.ActiveCfg = Debug|Any CPU
		{BDF2E735-34CB-4060-84FE-D47837B01215}.Debug|x64.Build.0 = Debug|Any CPU
		{BDF2E735-34CB-4060-84FE-D47837B01215}.Debug|x86.ActiveCfg = Debug|Any CPU
		{BDF2E735-34CB-4060-84FE-D47837B01215}.Debug|x86.Build.0 = Debug|Any CPU
		{BDF2E735-34CB-4060-84FE-D47837B01215}.Release|Any CPU.ActiveCfg = Release|Any CPU
		{BDF2E735-34CB-4060-84FE-D47837B01215}.Release|Any CPU.Build.0 = Release|Any CPU
		{BDF2E735-34CB-4060-84FE-D47837B01215}.Release|x64.ActiveCfg = Release|Any CPU
		{BDF2E735-34CB-4060-84FE-D47837B01215}.Release|x64.Build.0 = Release|Any CPU
		{BDF2E735-34CB-4060-84FE-D47837B01215}.Release|x86.ActiveCfg = Release|Any CPU
		{BDF2E735-34CB-4060-84FE-D47837B01215}.Release|x86.Build.0 = Release|Any CPU
		{880F84CE-C436-49FB-BC1A-55E68DD5CBCF}.Debug|Any CPU.ActiveCfg = Debug|Any CPU
		{880F84CE-C436-49FB-BC1A-55E68DD5CBCF}.Debug|Any CPU.Build.0 = Debug|Any CPU
		{880F84CE-C436-49FB-BC1A-55E68DD5CBCF}.Debug|x64.ActiveCfg = Debug|Any CPU
		{880F84CE-C436-49FB-BC1A-55E68DD5CBCF}.Debug|x64.Build.0 = Debug|Any CPU
		{880F84CE-C436-49FB-BC1A-55E68DD5CBCF}.Debug|x86.ActiveCfg = Debug|Any CPU
		{880F84CE-C436-49FB-BC1A-55E68DD5CBCF}.Debug|x86.Build.0 = Debug|Any CPU
		{880F84CE-C436-49FB-BC1A-55E68DD5CBCF}.Release|Any CPU.ActiveCfg = Release|Any CPU
		{880F84CE-C436-49FB-BC1A-55E68DD5CBCF}.Release|Any CPU.Build.0 = Release|Any CPU
		{880F84CE-C436-49FB-BC1A-55E68DD5CBCF}.Release|x64.ActiveCfg = Release|Any CPU
		{880F84CE-C436-49FB-BC1A-55E68DD5CBCF}.Release|x64.Build.0 = Release|Any CPU
		{880F84CE-C436-49FB-BC1A-55E68DD5CBCF}.Release|x86.ActiveCfg = Release|Any CPU
		{880F84CE-C436-49FB-BC1A-55E68DD5CBCF}.Release|x86.Build.0 = Release|Any CPU
	EndGlobalSection
	GlobalSection(SolutionProperties) = preSolution
		HideSolutionNode = FALSE
	EndGlobalSection
	GlobalSection(NestedProjects) = preSolution
		{1A48C85D-3AB9-4ED7-8593-0DCF8681CF31} = {4A0234DD-6FB2-4874-AB2E-51E6B6812E6B}
		{F5764FD1-C398-44CC-A0EF-29B90C8240B2} = {8DD9418F-77D3-49F0-B9AF-1246A172C150}
		{BDF2E735-34CB-4060-84FE-D47837B01215} = {4A0234DD-6FB2-4874-AB2E-51E6B6812E6B}
	EndGlobalSection
	GlobalSection(ExtensibilityGlobals) = postSolution
		SolutionGuid = {59F436D9-777E-4A01-9738-D45A10A6438F}
	EndGlobalSection
EndGlobal
